PODS:
  - GPUImage (0.1.7)
  - YUGPUImageHighPassSkinSmoothing (1.4):
    - GPUImage

DEPENDENCIES:
  - GPUImage (from `https://github.com/BradLarson/GPUImage.git`)
  - YUGPUImageHighPassSkinSmoothing (from `../`)

EXTERNAL SOURCES:
  GPUImage:
    :git: https://github.com/BradLarson/GPUImage.git
  YUGPUImageHighPassSkinSmoothing:
    :path: "../"

CHECKOUT OPTIONS:
  GPUImage:
    :commit: 167b0389bc6e9dc4bb0121550f91d8d5d6412c53
    :git: https://github.com/BradLarson/GPUImage.git

SPEC CHECKSUMS:
  GPUImage: bd7e201b9aa91e85f401ed7a6d9867a07a404693
  YUGPUImageHighPassSkinSmoothing: d7b396f4505dfca81871c804da560ae71c0e854d

PODFILE CHECKSUM: 47177d627143d1376b17543d58cf2e29fdf0d8f9

COCOAPODS: 1.15.2
